// !$*UTF8*$!
{
	archiveVersion = 1;
	classes = {
	};
	objectVersion = 50;
	objects = {

/* Begin PBXBuildFile section */
		BD92A86E265A044B005E025B /* AppDelegate.swift in Sources */ = {isa = PBXBuildFile; fileRef = BD92A86D265A044B005E025B /* AppDelegate.swift */; };
		BD92A870265A044B005E025B /* SceneDelegate.swift in Sources */ = {isa = PBXBuildFile; fileRef = BD92A86F265A044B005E025B /* SceneDelegate.swift */; };
		BD92A872265A044B005E025B /* ViewController.swift in Sources */ = {isa = PBXBuildFile; fileRef = BD92A871265A044B005E025B /* ViewController.swift */; };
		BD92A875265A044B005E025B /* Main.storyboard in Resources */ = {isa = PBXBuildFile; fileRef = BD92A873265A044B005E025B /* Main.storyboard */; };
		BD92A877265A044D005E025B /* Assets.xcassets in Resources */ = {isa = PBXBuildFile; fileRef = BD92A876265A044D005E025B /* Assets.xcassets */; };
		BD92A87A265A044D005E025B /* LaunchScreen.storyboard in Resources */ = {isa = PBXBuildFile; fileRef = BD92A878265A044D005E025B /* LaunchScreen.storyboard */; };
		BD92A885265A044D005E025B /* RetirementCalculatorTests.swift in Sources */ = {isa = PBXBuildFile; fileRef = BD92A884265A044D005E025B /* RetirementCalculatorTests.swift */; };
		BD92A890265A044D005E025B /* RetirementCalculatorUITests.swift in Sources */ = {isa = PBXBuildFile; fileRef = BD92A88F265A044D005E025B /* RetirementCalculatorUITests.swift */; };
/* End PBXBuildFile section */

/* Begin PBXContainerItemProxy section */
		BD92A881265A044D005E025B /* PBXContainerItemProxy */ = {
			isa = PBXContainerItemProxy;
			containerPortal = BD92A862265A044B005E025B /* Project object */;
			proxyType = 1;
			remoteGlobalIDString = BD92A869265A044B005E025B;
			remoteInfo = RetirementCalculator;
		};
		BD92A88C265A044D005E025B /* PBXContainerItemProxy */ = {
			isa = PBXContainerItemProxy;
			containerPortal = BD92A862265A044B005E025B /* Project object */;
			proxyType = 1;
			remoteGlobalIDString = BD92A869265A044B005E025B;
			remoteInfo = RetirementCalculator;
		};
/* End PBXContainerItemProxy section */

/* Begin PBXFileReference section */
		BD92A86A265A044B005E025B /* RetirementCalculator.app */ = {isa = PBXFileReference; explicitFileType = wrapper.application; includeInIndex = 0; path = RetirementCalculator.app; sourceTree = BUILT_PRODUCTS_DIR; };
		BD92A86D265A044B005E025B /* AppDelegate.swift */ = {isa = PBXFileReference; lastKnownFileType = sourcecode.swift; path = AppDelegate.swift; sourceTree = "<group>"; };
		BD92A86F265A044B005E025B /* SceneDelegate.swift */ = {isa = PBXFileReference; lastKnownFileType = sourcecode.swift; path = SceneDelegate.swift; sourceTree = "<group>"; };
		BD92A871265A044B005E025B /* ViewController.swift */ = {isa = PBXFileReference; lastKnownFileType = sourcecode.swift; path = ViewController.swift; sourceTree = "<group>"; };
		BD92A874265A044B005E025B /* Base */ = {isa = PBXFileReference; lastKnownFileType = file.storyboard; name = Base; path = Base.lproj/Main.storyboard; sourceTree = "<group>"; };
		BD92A876265A044D005E025B /* Assets.xcassets */ = {isa = PBXFileReference; lastKnownFileType = folder.assetcatalog; path = Assets.xcassets; sourceTree = "<group>"; };
		BD92A879265A044D005E025B /* Base */ = {isa = PBXFileReference; lastKnownFileType = file.storyboard; name = Base; path = Base.lproj/LaunchScreen.storyboard; sourceTree = "<group>"; };
		BD92A87B265A044D005E025B /* Info.plist */ = {isa = PBXFileReference; lastKnownFileType = text.plist.xml; path = Info.plist; sourceTree = "<group>"; };
		BD92A880265A044D005E025B /* RetirementCalculatorTests.xctest */ = {isa = PBXFileReference; explicitFileType = wrapper.cfbundle; includeInIndex = 0; path = RetirementCalculatorTests.xctest; sourceTree = BUILT_PRODUCTS_DIR; };
		BD92A884265A044D005E025B /* RetirementCalculatorTests.swift */ = {isa = PBXFileReference; lastKnownFileType = sourcecode.swift; path = RetirementCalculatorTests.swift; sourceTree = "<group>"; };
		BD92A886265A044D005E025B /* Info.plist */ = {isa = PBXFileReference; lastKnownFileType = text.plist.xml; path = Info.plist; sourceTree = "<group>"; };
		BD92A88B265A044D005E025B /* RetirementCalculatorUITests.xctest */ = {isa = PBXFileReference; explicitFileType = wrapper.cfbundle; includeInIndex = 0; path = RetirementCalculatorUITests.xctest; sourceTree = BUILT_PRODUCTS_DIR; };
		BD92A88F265A044D005E025B /* RetirementCalculatorUITests.swift */ = {isa = PBXFileReference; lastKnownFileType = sourcecode.swift; path = RetirementCalculatorUITests.swift; sourceTree = "<group>"; };
		BD92A891265A044D005E025B /* Info.plist */ = {isa = PBXFileReference; lastKnownFileType = text.plist.xml; path = Info.plist; sourceTree = "<group>"; };
/* End PBXFileReference section */

/* Begin PBXFrameworksBuildPhase section */
		BD92A867265A044B005E025B /* Frameworks */ = {
			isa = PBXFrameworksBuildPhase;
			buildActionMask = 2147483647;
			files = (
			);
			runOnlyForDeploymentPostprocessing = 0;
		};
		BD92A87D265A044D005E025B /* Frameworks */ = {
			isa = PBXFrameworksBuildPhase;
			buildActionMask = 2147483647;
			files = (
			);
			runOnlyForDeploymentPostprocessing = 0;
		};
		BD92A888265A044D005E025B /* Frameworks */ = {
			isa = PBXFrameworksBuildPhase;
			buildActionMask = 2147483647;
			files = (
			);
			runOnlyForDeploymentPostprocessing = 0;
		};
/* End PBXFrameworksBuildPhase section */

/* Begin PBXGroup section */
		BD92A861265A044B005E025B = {
			isa = PBXGroup;
			children = (
				BD92A86C265A044B005E025B /* RetirementCalculator */,
				BD92A883265A044D005E025B /* RetirementCalculatorTests */,
				BD92A88E265A044D005E025B /* RetirementCalculatorUITests */,
				BD92A86B265A044B005E025B /* Products */,
			);
			sourceTree = "<group>";
		};
		BD92A86B265A044B005E025B /* Products */ = {
			isa = PBXGroup;
			children = (
				BD92A86A265A044B005E025B /* RetirementCalculator.app */,
				BD92A880265A044D005E025B /* RetirementCalculatorTests.xctest */,
				BD92A88B265A044D005E025B /* RetirementCalculatorUITests.xctest */,
			);
			name = Products;
			sourceTree = "<group>";
		};
		BD92A86C265A044B005E025B /* RetirementCalculator */ = {
			isa = PBXGroup;
			children = (
				BD92A86D265A044B005E025B /* AppDelegate.swift */,
				BD92A86F265A044B005E025B /* SceneDelegate.swift */,
				BD92A871265A044B005E025B /* ViewController.swift */,
				BD92A873265A044B005E025B /* Main.storyboard */,
				BD92A876265A044D005E025B /* Assets.xcassets */,
				BD92A878265A044D005E025B /* LaunchScreen.storyboard */,
				BD92A87B265A044D005E025B /* Info.plist */,
			);
			path = RetirementCalculator;
			sourceTree = "<group>";
		};
		BD92A883265A044D005E025B /* RetirementCalculatorTests */ = {
			isa = PBXGroup;
			children = (
				BD92A884265A044D005E025B /* RetirementCalculatorTests.swift */,
				BD92A886265A044D005E025B /* Info.plist */,
			);
			path = RetirementCalculatorTests;
			sourceTree = "<group>";
		};
		BD92A88E265A044D005E025B /* RetirementCalculatorUITests */ = {
			isa = PBXGroup;
			children = (
				BD92A88F265A044D005E025B /* RetirementCalculatorUITests.swift */,
				BD92A891265A044D005E025B /* Info.plist */,
			);
			path = RetirementCalculatorUITests;
			sourceTree = "<group>";
		};
/* End PBXGroup section */

/* Begin PBXNativeTarget section */
		BD92A869265A044B005E025B /* RetirementCalculator */ = {
			isa = PBXNativeTarget;
			buildConfigurationList = BD92A894265A044D005E025B /* Build configuration list for PBXNativeTarget "RetirementCalculator" */;
			buildPhases = (
				BD92A866265A044B005E025B /* Sources */,
				BD92A867265A044B005E025B /* Frameworks */,
				BD92A868265A044B005E025B /* Resources */,
			);
			buildRules = (
			);
			dependencies = (
			);
			name = RetirementCalculator;
			productName = RetirementCalculator;
			productReference = BD92A86A265A044B005E025B /* RetirementCalculator.app */;
			productType = "com.apple.product-type.application";
		};
		BD92A87F265A044D005E025B /* RetirementCalculatorTests */ = {
			isa = PBXNativeTarget;
			buildConfigurationList = BD92A897265A044D005E025B /* Build configuration list for PBXNativeTarget "RetirementCalculatorTests" */;
			buildPhases = (
				BD92A87C265A044D005E025B /* Sources */,
				BD92A87D265A044D005E025B /* Frameworks */,
				BD92A87E265A044D005E025B /* Resources */,
			);
			buildRules = (
			);
			dependencies = (
				BD92A882265A044D005E025B /* PBXTargetDependency */,
			);
			name = RetirementCalculatorTests;
			productName = RetirementCalculatorTests;
			productReference = BD92A880265A044D005E025B /* RetirementCalculatorTests.xctest */;
			productType = "com.apple.product-type.bundle.unit-test";
		};
		BD92A88A265A044D005E025B /* RetirementCalculatorUITests */ = {
			isa = PBXNativeTarget;
			buildConfigurationList = BD92A89A265A044D005E025B /* Build configuration list for PBXNativeTarget "RetirementCalculatorUITests" */;
			buildPhases = (
				BD92A887265A044D005E025B /* Sources */,
				BD92A888265A044D005E025B /* Frameworks */,
				BD92A889265A044D005E025B /* Resources */,
			);
			buildRules = (
			);
			dependencies = (
				BD92A88D265A044D005E025B /* PBXTargetDependency */,
			);
			name = RetirementCalculatorUITests;
			productName = RetirementCalculatorUITests;
			productReference = BD92A88B265A044D005E025B /* RetirementCalculatorUITests.xctest */;
			productType = "com.apple.product-type.bundle.ui-testing";
		};
/* End PBXNativeTarget section */

/* Begin PBXProject section */
		BD92A862265A044B005E025B /* Project object */ = {
			isa = PBXProject;
			attributes = {
				LastSwiftUpdateCheck = 1240;
				LastUpgradeCheck = 1240;
				TargetAttributes = {
					BD92A869265A044B005E025B = {
						CreatedOnToolsVersion = 12.4;
					};
					BD92A87F265A044D005E025B = {
						CreatedOnToolsVersion = 12.4;
						TestTargetID = BD92A869265A044B005E025B;
					};
					BD92A88A265A044D005E025B = {
						CreatedOnToolsVersion = 12.4;
						TestTargetID = BD92A869265A044B005E025B;
					};
				};
			};
			buildConfigurationList = BD92A865265A044B005E025B /* Build configuration list for PBXProject "RetirementCalculator" */;
			compatibilityVersion = "Xcode 9.3";
			developmentRegion = en;
			hasScannedForEncodings = 0;
			knownRegions = (
				en,
				Base,
			);
			mainGroup = BD92A861265A044B005E025B;
			productRefGroup = BD92A86B265A044B005E025B /* Products */;
			projectDirPath = "";
			projectRoot = "";
			targets = (
				BD92A869265A044B005E025B /* RetirementCalculator */,
				BD92A87F265A044D005E025B /* RetirementCalculatorTests */,
				BD92A88A265A044D005E025B /* RetirementCalculatorUITests */,
			);
		};
/* End PBXProject section */

/* Begin PBXResourcesBuildPhase section */
		BD92A868265A044B005E025B /* Resources */ = {
			isa = PBXResourcesBuildPhase;
			buildActionMask = 2147483647;
			files = (
				BD92A87A265A044D005E025B /* LaunchScreen.storyboard in Resources */,
				BD92A877265A044D005E025B /* Assets.xcassets in Resources */,
				BD92A875265A044B005E025B /* Main.storyboard in Resources */,
			);
			runOnlyForDeploymentPostprocessing = 0;
		};
		BD92A87E265A044D005E025B /* Resources */ = {
			isa = PBXResourcesBuildPhase;
			buildActionMask = 2147483647;
			files = (
			);
			runOnlyForDeploymentPostprocessing = 0;
		};
		BD92A889265A044D005E025B /* Resources */ = {
			isa = PBXResourcesBuildPhase;
			buildActionMask = 2147483647;
			files = (
			);
			runOnlyForDeploymentPostprocessing = 0;
		};
/* End PBXResourcesBuildPhase section */

/* Begin PBXSourcesBuildPhase section */
		BD92A866265A044B005E025B /* Sources */ = {
			isa = PBXSourcesBuildPhase;
			buildActionMask = 2147483647;
			files = (
				BD92A872265A044B005E025B /* ViewController.swift in Sources */,
				BD92A86E265A044B005E025B /* AppDelegate.swift in Sources */,
				BD92A870265A044B005E025B /* SceneDelegate.swift in Sources */,
			);
			runOnlyForDeploymentPostprocessing = 0;
		};
		BD92A87C265A044D005E025B /* Sources */ = {
			isa = PBXSourcesBuildPhase;
			buildActionMask = 2147483647;
			files = (
				BD92A885265A044D005E025B /* RetirementCalculatorTests.swift in Sources */,
			);
			runOnlyForDeploymentPostprocessing = 0;
		};
		BD92A887265A044D005E025B /* Sources */ = {
			isa = PBXSourcesBuildPhase;
			buildActionMask = 2147483647;
			files = (
				BD92A890265A044D005E025B /* RetirementCalculatorUITests.swift in Sources */,
			);
			runOnlyForDeploymentPostprocessing = 0;
		};
/* End PBXSourcesBuildPhase section */

/* Begin PBXTargetDependency section */
		BD92A882265A044D005E025B /* PBXTargetDependency */ = {
			isa = PBXTargetDependency;
			target = BD92A869265A044B005E025B /* RetirementCalculator */;
			targetProxy = BD92A881265A044D005E025B /* PBXContainerItemProxy */;
		};
		BD92A88D265A044D005E025B /* PBXTargetDependency */ = {
			isa = PBXTargetDependency;
			target = BD92A869265A044B005E025B /* RetirementCalculator */;
			targetProxy = BD92A88C265A044D005E025B /* PBXContainerItemProxy */;
		};
/* End PBXTargetDependency section */

/* Begin PBXVariantGroup section */
		BD92A873265A044B005E025B /* Main.storyboard */ = {
			isa = PBXVariantGroup;
			children = (
				BD92A874265A044B005E025B /* Base */,
			);
			name = Main.storyboard;
			sourceTree = "<group>";
		};
		BD92A878265A044D005E025B /* LaunchScreen.storyboard */ = {
			isa = PBXVariantGroup;
			children = (
				BD92A879265A044D005E025B /* Base */,
			);
			name = LaunchScreen.storyboard;
			sourceTree = "<group>";
		};
/* End PBXVariantGroup section */

/* Begin XCBuildConfiguration section */
		BD92A892265A044D005E025B /* Debug */ = {
			isa = XCBuildConfiguration;
			buildSettings = {
				ALWAYS_SEARCH_USER_PATHS = NO;
				CLANG_ANALYZER_NONNULL = YES;
				CLANG_ANALYZER_NUMBER_OBJECT_CONVERSION = YES_AGGRESSIVE;
				CLANG_CXX_LANGUAGE_STANDARD = "gnu++14";
				CLANG_CXX_LIBRARY = "libc++";
				CLANG_ENABLE_MODULES = YES;
				CLANG_ENABLE_OBJC_ARC = YES;
				CLANG_ENABLE_OBJC_WEAK = YES;
				CLANG_WARN_BLOCK_CAPTURE_AUTORELEASING = YES;
				CLANG_WARN_BOOL_CONVERSION = YES;
				CLANG_WARN_COMMA = YES;
				CLANG_WARN_CONSTANT_CONVERSION = YES;
				CLANG_WARN_DEPRECATED_OBJC_IMPLEMENTATIONS = YES;
				CLANG_WARN_DIRECT_OBJC_ISA_USAGE = YES_ERROR;
				CLANG_WARN_DOCUMENTATION_COMMENTS = YES;
				CLANG_WARN_EMPTY_BODY = YES;
				CLANG_WARN_ENUM_CONVERSION = YES;
				CLANG_WARN_INFINITE_RECURSION = YES;
				CLANG_WARN_INT_CONVERSION = YES;
				CLANG_WARN_NON_LITERAL_NULL_CONVERSION = YES;
				CLANG_WARN_OBJC_IMPLICIT_RETAIN_SELF = YES;
				CLANG_WARN_OBJC_LITERAL_CONVERSION = YES;
				CLANG_WARN_OBJC_ROOT_CLASS = YES_ERROR;
				CLANG_WARN_QUOTED_INCLUDE_IN_FRAMEWORK_HEADER = YES;
				CLANG_WARN_RANGE_LOOP_ANALYSIS = YES;
				CLANG_WARN_STRICT_PROTOTYPES = YES;
				CLANG_WARN_SUSPICIOUS_MOVE = YES;
				CLANG_WARN_UNGUARDED_AVAILABILITY = YES_AGGRESSIVE;
				CLANG_WARN_UNREACHABLE_CODE = YES;
				CLANG_WARN__DUPLICATE_METHOD_MATCH = YES;
				COPY_PHASE_STRIP = NO;
				DEBUG_INFORMATION_FORMAT = dwarf;
				ENABLE_STRICT_OBJC_MSGSEND = YES;
				ENABLE_TESTABILITY = YES;
				GCC_C_LANGUAGE_STANDARD = gnu11;
				GCC_DYNAMIC_NO_PIC = NO;
				GCC_NO_COMMON_BLOCKS = YES;
				GCC_OPTIMIZATION_LEVEL = 0;
				GCC_PREPROCESSOR_DEFINITIONS = (
					"DEBUG=1",
					"$(inherited)",
				);
				GCC_WARN_64_TO_32_BIT_CONVERSION = YES;
				GCC_WARN_ABOUT_RETURN_TYPE = YES_ERROR;
				GCC_WARN_UNDECLARED_SELECTOR = YES;
				GCC_WARN_UNINITIALIZED_AUTOS = YES_AGGRESSIVE;
				GCC_WARN_UNUSED_FUNCTION = YES;
				GCC_WARN_UNUSED_VARIABLE = YES;
				IPHONEOS_DEPLOYMENT_TARGET = 14.4;
				MTL_ENABLE_DEBUG_INFO = INCLUDE_SOURCE;
				MTL_FAST_MATH = YES;
				ONLY_ACTIVE_ARCH = YES;
				SDKROOT = iphoneos;
				SWIFT_ACTIVE_COMPILATION_CONDITIONS = DEBUG;
				SWIFT_OPTIMIZATION_LEVEL = "-Onone";
			};
			name = Debug;
		};
		BD92A893265A044D005E025B /* Release */ = {
			isa = XCBuildConfiguration;
			buildSettings = {
				ALWAYS_SEARCH_USER_PATHS = NO;
				CLANG_ANALYZER_NONNULL = YES;
				CLANG_ANALYZER_NUMBER_OBJECT_CONVERSION = YES_AGGRESSIVE;
				CLANG_CXX_LANGUAGE_STANDARD = "gnu++14";
				CLANG_CXX_LIBRARY = "libc++";
				CLANG_ENABLE_MODULES = YES;
				CLANG_ENABLE_OBJC_ARC = YES;
				CLANG_ENABLE_OBJC_WEAK = YES;
				CLANG_WARN_BLOCK_CAPTURE_AUTORELEASING = YES;
				CLANG_WARN_BOOL_CONVERSION = YES;
				CLANG_WARN_COMMA = YES;
				CLANG_WARN_CONSTANT_CONVERSION = YES;
				CLANG_WARN_DEPRECATED_OBJC_IMPLEMENTATIONS = YES;
				CLANG_WARN_DIRECT_OBJC_ISA_USAGE = YES_ERROR;
				CLANG_WARN_DOCUMENTATION_COMMENTS = YES;
				CLANG_WARN_EMPTY_BODY = YES;
				CLANG_WARN_ENUM_CONVERSION = YES;
				CLANG_WARN_INFINITE_RECURSION = YES;
				CLANG_WARN_INT_CONVERSION = YES;
				CLANG_WARN_NON_LITERAL_NULL_CONVERSION = YES;
				CLANG_WARN_OBJC_IMPLICIT_RETAIN_SELF = YES;
				CLANG_WARN_OBJC_LITERAL_CONVERSION = YES;
				CLANG_WARN_OBJC_ROOT_CLASS = YES_ERROR;
				CLANG_WARN_QUOTED_INCLUDE_IN_FRAMEWORK_HEADER = YES;
				CLANG_WARN_RANGE_LOOP_ANALYSIS = YES;
				CLANG_WARN_STRICT_PROTOTYPES = YES;
				CLANG_WARN_SUSPICIOUS_MOVE = YES;
				CLANG_WARN_UNGUARDED_AVAILABILITY = YES_AGGRESSIVE;
				CLANG_WARN_UNREACHABLE_CODE = YES;
				CLANG_WARN__DUPLICATE_METHOD_MATCH = YES;
				COPY_PHASE_STRIP = NO;
				DEBUG_INFORMATION_FORMAT = "dwarf-with-dsym";
				ENABLE_NS_ASSERTIONS = NO;
				ENABLE_STRICT_OBJC_MSGSEND = YES;
				GCC_C_LANGUAGE_STANDARD = gnu11;
				GCC_NO_COMMON_BLOCKS = YES;
				GCC_WARN_64_TO_32_BIT_CONVERSION = YES;
				GCC_WARN_ABOUT_RETURN_TYPE = YES_ERROR;
				GCC_WARN_UNDECLARED_SELECTOR = YES;
				GCC_WARN_UNINITIALIZED_AUTOS = YES_AGGRESSIVE;
				GCC_WARN_UNUSED_FUNCTION = YES;
				GCC_WARN_UNUSED_VARIABLE = YES;
				IPHONEOS_DEPLOYMENT_TARGET = 14.4;
				MTL_ENABLE_DEBUG_INFO = NO;
				MTL_FAST_MATH = YES;
				SDKROOT = iphoneos;
				SWIFT_COMPILATION_MODE = wholemodule;
				SWIFT_OPTIMIZATION_LEVEL = "-O";
				VALIDATE_PRODUCT = YES;
			};
			name = Release;
		};
		BD92A895265A044D005E025B /* Debug */ = {
			isa = XCBuildConfiguration;
			buildSettings = {
				ASSETCATALOG_COMPILER_APPICON_NAME = AppIcon;
				ASSETCATALOG_COMPILER_GLOBAL_ACCENT_COLOR_NAME = AccentColor;
				CODE_SIGN_STYLE = Automatic;
				DEVELOPMENT_TEAM = PU8FM4JDVA;
				INFOPLIST_FILE = RetirementCalculator/Info.plist;
				LD_RUNPATH_SEARCH_PATHS = (
					"$(inherited)",
					"@executable_path/Frameworks",
				);
				PRODUCT_BUNDLE_IDENTIFIER = "black-squares.com.RetirementCalculator";
				PRODUCT_NAME = "$(TARGET_NAME)";
				SWIFT_VERSION = 5.0;
				TARGETED_DEVICE_FAMILY = "1,2";
			};
			name = Debug;
		};
		BD92A896265A044D005E025B /* Release */ = {
			isa = XCBuildConfiguration;
			buildSettings = {
				ASSETCATALOG_COMPILER_APPICON_NAME = AppIcon;
				ASSETCATALOG_COMPILER_GLOBAL_ACCENT_COLOR_NAME = AccentColor;
				CODE_SIGN_STYLE = Automatic;
				DEVELOPMENT_TEAM = PU8FM4JDVA;
				INFOPLIST_FILE = RetirementCalculator/Info.plist;
				LD_RUNPATH_SEARCH_PATHS = (
					"$(inherited)",
					"@executable_path/Frameworks",
				);
				PRODUCT_BUNDLE_IDENTIFIER = "black-squares.com.RetirementCalculator";
				PRODUCT_NAME = "$(TARGET_NAME)";
				SWIFT_VERSION = 5.0;
				TARGETED_DEVICE_FAMILY = "1,2";
			};
			name = Release;
		};
		BD92A898265A044D005E025B /* Debug */ = {
			isa = XCBuildConfiguration;
			buildSettings = {
				ALWAYS_EMBED_SWIFT_STANDARD_LIBRARIES = YES;
				BUNDLE_LOADER = "$(TEST_HOST)";
				CODE_SIGN_STYLE = Automatic;
				DEVELOPMENT_TEAM = PU8FM4JDVA;
				INFOPLIST_FILE = RetirementCalculatorTests/Info.plist;
				IPHONEOS_DEPLOYMENT_TARGET = 14.4;
				LD_RUNPATH_SEARCH_PATHS = (
					"$(inherited)",
					"@executable_path/Frameworks",
					"@loader_path/Frameworks",
				);
				PRODUCT_BUNDLE_IDENTIFIER = "black-squares.com.RetirementCalculatorTests";
				PRODUCT_NAME = "$(TARGET_NAME)";
				SWIFT_VERSION = 5.0;
				TARGETED_DEVICE_FAMILY = "1,2";
				TEST_HOST = "$(BUILT_PRODUCTS_DIR)/RetirementCalculator.app/RetirementCalculator";
			};
			name = Debug;
		};
		BD92A899265A044D005E025B /* Release */ = {
			isa = XCBuildConfiguration;
			buildSettings = {
				ALWAYS_EMBED_SWIFT_STANDARD_LIBRARIES = YES;
				BUNDLE_LOADER = "$(TEST_HOST)";
				CODE_SIGN_STYLE = Automatic;
				DEVELOPMENT_TEAM = PU8FM4JDVA;
				INFOPLIST_FILE = RetirementCalculatorTests/Info.plist;
				IPHONEOS_DEPLOYMENT_TARGET = 14.4;
				LD_RUNPATH_SEARCH_PATHS = (
					"$(inherited)",
					"@executable_path/Frameworks",
					"@loader_path/Frameworks",
				);
				PRODUCT_BUNDLE_IDENTIFIER = "black-squares.com.RetirementCalculatorTests";
				PRODUCT_NAME = "$(TARGET_NAME)";
				SWIFT_VERSION = 5.0;
				TARGETED_DEVICE_FAMILY = "1,2";
				TEST_HOST = "$(BUILT_PRODUCTS_DIR)/RetirementCalculator.app/RetirementCalculator";
			};
			name = Release;
		};
		BD92A89B265A044D005E025B /* Debug */ = {
			isa = XCBuildConfiguration;
			buildSettings = {
				ALWAYS_EMBED_SWIFT_STANDARD_LIBRARIES = YES;
				CODE_SIGN_STYLE = Automatic;
				DEVELOPMENT_TEAM = PU8FM4JDVA;
				INFOPLIST_FILE = RetirementCalculatorUITests/Info.plist;
				LD_RUNPATH_SEARCH_PATHS = (
					"$(inherited)",
					"@executable_path/Frameworks",
					"@loader_path/Frameworks",
				);
				PRODUCT_BUNDLE_IDENTIFIER = "black-squares.com.RetirementCalculatorUITests";
				PRODUCT_NAME = "$(TARGET_NAME)";
				SWIFT_VERSION = 5.0;
				TARGETED_DEVICE_FAMILY = "1,2";
				TEST_TARGET_NAME = RetirementCalculator;
			};
			name = Debug;
		};
		BD92A89C265A044D005E025B /* Release */ = {
			isa = XCBuildConfiguration;
			buildSettings = {
				ALWAYS_EMBED_SWIFT_STANDARD_LIBRARIES = YES;
				CODE_SIGN_STYLE = Automatic;
				DEVELOPMENT_TEAM = PU8FM4JDVA;
				INFOPLIST_FILE = RetirementCalculatorUITests/Info.plist;
				LD_RUNPATH_SEARCH_PATHS = (
					"$(inherited)",
					"@executable_path/Frameworks",
					"@loader_path/Frameworks",
				);
				PRODUCT_BUNDLE_IDENTIFIER = "black-squares.com.RetirementCalculatorUITests";
				PRODUCT_NAME = "$(TARGET_NAME)";
				SWIFT_VERSION = 5.0;
				TARGETED_DEVICE_FAMILY = "1,2";
				TEST_TARGET_NAME = RetirementCalculator;
			};
			name = Release;
		};
/* End XCBuildConfiguration section */

/* Begin XCConfigurationList section */
		BD92A865265A044B005E025B /* Build configuration list for PBXProject "RetirementCalculator" */ = {
			isa = XCConfigurationList;
			buildConfigurations = (
				BD92A892265A044D005E025B /* Debug */,
				BD92A893265A044D005E025B /* Release */,
			);
			defaultConfigurationIsVisible = 0;
			defaultConfigurationName = Release;
		};
		BD92A894265A044D005E025B /* Build configuration list for PBXNativeTarget "RetirementCalculator" */ = {
			isa = XCConfigurationList;
			buildConfigurations = (
				BD92A895265A044D005E025B /* Debug */,
				BD92A896265A044D005E025B /* Release */,
			);
			defaultConfigurationIsVisible = 0;
			defaultConfigurationName = Release;
		};
		BD92A897265A044D005E025B /* Build configuration list for PBXNativeTarget "RetirementCalculatorTests" */ = {
			isa = XCConfigurationList;
			buildConfigurations = (
				BD92A898265A044D005E025B /* Debug */,
				BD92A899265A044D005E025B /* Release */,
			);
			defaultConfigurationIsVisible = 0;
			defaultConfigurationName = Release;
		};
		BD92A89A265A044D005E025B /* Build configuration list for PBXNativeTarget "RetirementCalculatorUITests" */ = {
			isa = XCConfigurationList;
			buildConfigurations = (
				BD92A89B265A044D005E025B /* Debug */,
				BD92A89C265A044D005E025B /* Release */,
			);
			defaultConfigurationIsVisible = 0;
			defaultConfigurationName = Release;
		};
/* End XCConfigurationList section */
	};
	rootObject = BD92A862265A044B005E025B /* Project object */;
}
